// !$*UTF8*$!
{
	archiveVersion = 1;
	classes = {
	};
	objectVersion = 50;
	objects = {

/* Begin PBXBuildFile section */
		861807CD261F416B0091F0CC /* FlickrImageCell.swift in Sources */ = {isa = PBXBuildFile; fileRef = 861807CC261F416B0091F0CC /* FlickrImageCell.swift */; };
		868A80CA26209A6E005F4CA8 /* SearchHistoryModel.swift in Sources */ = {isa = PBXBuildFile; fileRef = 868A80C926209A6E005F4CA8 /* SearchHistoryModel.swift */; };
		868A80CF26209D93005F4CA8 /* SearchHistoryViewModel.swift in Sources */ = {isa = PBXBuildFile; fileRef = 868A80CE26209D93005F4CA8 /* SearchHistoryViewModel.swift */; };
		8692110B262314E200B0DBE5 /* FlickrNetworkOpsTests.swift in Sources */ = {isa = PBXBuildFile; fileRef = 8692110A262314E200B0DBE5 /* FlickrNetworkOpsTests.swift */; };
		8692111B262322CE00B0DBE5 /* FlickerAPITests.swift in Sources */ = {isa = PBXBuildFile; fileRef = 8692111A262322CE00B0DBE5 /* FlickerAPITests.swift */; };
		86A70C70261EE9A400666FCA /* AppDelegate.swift in Sources */ = {isa = PBXBuildFile; fileRef = 86A70C6F261EE9A400666FCA /* AppDelegate.swift */; };
		86A70C72261EE9A400666FCA /* SceneDelegate.swift in Sources */ = {isa = PBXBuildFile; fileRef = 86A70C71261EE9A400666FCA /* SceneDelegate.swift */; };
		86A70C74261EE9A400666FCA /* FlickrImageSearchViewController.swift in Sources */ = {isa = PBXBuildFile; fileRef = 86A70C73261EE9A400666FCA /* FlickrImageSearchViewController.swift */; };
		86A70C77261EE9A400666FCA /* Main.storyboard in Resources */ = {isa = PBXBuildFile; fileRef = 86A70C75261EE9A400666FCA /* Main.storyboard */; };
		86A70C79261EE9A600666FCA /* Assets.xcassets in Resources */ = {isa = PBXBuildFile; fileRef = 86A70C78261EE9A600666FCA /* Assets.xcassets */; };
		86A70C7C261EE9A600666FCA /* LaunchScreen.storyboard in Resources */ = {isa = PBXBuildFile; fileRef = 86A70C7A261EE9A600666FCA /* LaunchScreen.storyboard */; };
		86A70C92261EE9A700666FCA /* FlickrImageSearchUITests.swift in Sources */ = {isa = PBXBuildFile; fileRef = 86A70C91261EE9A700666FCA /* FlickrImageSearchUITests.swift */; };
		86A70CA5261EF00000666FCA /* FlickrPhotosListModel.swift in Sources */ = {isa = PBXBuildFile; fileRef = 86A70CA4261EF00000666FCA /* FlickrPhotosListModel.swift */; };
		86A70CAB261EF28A00666FCA /* FlickrNetworkOps.swift in Sources */ = {isa = PBXBuildFile; fileRef = 86A70CAA261EF28A00666FCA /* FlickrNetworkOps.swift */; };
		86A70CC2261F0F4D00666FCA /* FlickrImageSearchViewModel.swift in Sources */ = {isa = PBXBuildFile; fileRef = 86A70CC1261F0F4D00666FCA /* FlickrImageSearchViewModel.swift */; };
		86A70CCA261F299800666FCA /* FlickrAPI.swift in Sources */ = {isa = PBXBuildFile; fileRef = 86A70CC9261F299800666FCA /* FlickrAPI.swift */; };
/* End PBXBuildFile section */

/* Begin PBXContainerItemProxy section */
		86A70C83261EE9A700666FCA /* PBXContainerItemProxy */ = {
			isa = PBXContainerItemProxy;
			containerPortal = 86A70C64261EE9A300666FCA /* Project object */;
			proxyType = 1;
			remoteGlobalIDString = 86A70C6B261EE9A300666FCA;
			remoteInfo = FlickrImageSearch;
		};
		86A70C8E261EE9A700666FCA /* PBXContainerItemProxy */ = {
			isa = PBXContainerItemProxy;
			containerPortal = 86A70C64261EE9A300666FCA /* Project object */;
			proxyType = 1;
			remoteGlobalIDString = 86A70C6B261EE9A300666FCA;
			remoteInfo = FlickrImageSearch;
		};
/* End PBXContainerItemProxy section */

/* Begin PBXFileReference section */
		861807CC261F416B0091F0CC /* FlickrImageCell.swift */ = {isa = PBXFileReference; lastKnownFileType = sourcecode.swift; path = FlickrImageCell.swift; sourceTree = "<group>"; };
		868A80C926209A6E005F4CA8 /* SearchHistoryModel.swift */ = {isa = PBXFileReference; lastKnownFileType = sourcecode.swift; path = SearchHistoryModel.swift; sourceTree = "<group>"; };
		868A80CE26209D93005F4CA8 /* SearchHistoryViewModel.swift */ = {isa = PBXFileReference; lastKnownFileType = sourcecode.swift; path = SearchHistoryViewModel.swift; sourceTree = "<group>"; };
		8692110A262314E200B0DBE5 /* FlickrNetworkOpsTests.swift */ = {isa = PBXFileReference; fileEncoding = 4; lastKnownFileType = sourcecode.swift; path = FlickrNetworkOpsTests.swift; sourceTree = "<group>"; };
		8692111A262322CE00B0DBE5 /* FlickerAPITests.swift */ = {isa = PBXFileReference; lastKnownFileType = sourcecode.swift; path = FlickerAPITests.swift; sourceTree = "<group>"; };
		86A70C6C261EE9A300666FCA /* FlickrImageSearch.app */ = {isa = PBXFileReference; explicitFileType = wrapper.application; includeInIndex = 0; path = FlickrImageSearch.app; sourceTree = BUILT_PRODUCTS_DIR; };
		86A70C6F261EE9A400666FCA /* AppDelegate.swift */ = {isa = PBXFileReference; lastKnownFileType = sourcecode.swift; path = AppDelegate.swift; sourceTree = "<group>"; };
		86A70C71261EE9A400666FCA /* SceneDelegate.swift */ = {isa = PBXFileReference; lastKnownFileType = sourcecode.swift; path = SceneDelegate.swift; sourceTree = "<group>"; };
		86A70C73261EE9A400666FCA /* FlickrImageSearchViewController.swift */ = {isa = PBXFileReference; lastKnownFileType = sourcecode.swift; path = FlickrImageSearchViewController.swift; sourceTree = "<group>"; };
		86A70C76261EE9A400666FCA /* Base */ = {isa = PBXFileReference; lastKnownFileType = file.storyboard; name = Base; path = Base.lproj/Main.storyboard; sourceTree = "<group>"; };
		86A70C78261EE9A600666FCA /* Assets.xcassets */ = {isa = PBXFileReference; lastKnownFileType = folder.assetcatalog; path = Assets.xcassets; sourceTree = "<group>"; };
		86A70C7B261EE9A600666FCA /* Base */ = {isa = PBXFileReference; lastKnownFileType = file.storyboard; name = Base; path = Base.lproj/LaunchScreen.storyboard; sourceTree = "<group>"; };
		86A70C7D261EE9A600666FCA /* Info.plist */ = {isa = PBXFileReference; lastKnownFileType = text.plist.xml; path = Info.plist; sourceTree = "<group>"; };
		86A70C82261EE9A700666FCA /* FlickrImageSearchTests.xctest */ = {isa = PBXFileReference; explicitFileType = wrapper.cfbundle; includeInIndex = 0; path = FlickrImageSearchTests.xctest; sourceTree = BUILT_PRODUCTS_DIR; };
		86A70C88261EE9A700666FCA /* Info.plist */ = {isa = PBXFileReference; lastKnownFileType = text.plist.xml; path = Info.plist; sourceTree = "<group>"; };
		86A70C8D261EE9A700666FCA /* FlickrImageSearchUITests.xctest */ = {isa = PBXFileReference; explicitFileType = wrapper.cfbundle; includeInIndex = 0; path = FlickrImageSearchUITests.xctest; sourceTree = BUILT_PRODUCTS_DIR; };
		86A70C91261EE9A700666FCA /* FlickrImageSearchUITests.swift */ = {isa = PBXFileReference; lastKnownFileType = sourcecode.swift; path = FlickrImageSearchUITests.swift; sourceTree = "<group>"; };
		86A70C93261EE9A700666FCA /* Info.plist */ = {isa = PBXFileReference; lastKnownFileType = text.plist.xml; path = Info.plist; sourceTree = "<group>"; };
		86A70CA4261EF00000666FCA /* FlickrPhotosListModel.swift */ = {isa = PBXFileReference; lastKnownFileType = sourcecode.swift; path = FlickrPhotosListModel.swift; sourceTree = "<group>"; };
		86A70CAA261EF28A00666FCA /* FlickrNetworkOps.swift */ = {isa = PBXFileReference; lastKnownFileType = sourcecode.swift; path = FlickrNetworkOps.swift; sourceTree = "<group>"; };
		86A70CC1261F0F4D00666FCA /* FlickrImageSearchViewModel.swift */ = {isa = PBXFileReference; lastKnownFileType = sourcecode.swift; path = FlickrImageSearchViewModel.swift; sourceTree = "<group>"; };
		86A70CC9261F299800666FCA /* FlickrAPI.swift */ = {isa = PBXFileReference; lastKnownFileType = sourcecode.swift; path = FlickrAPI.swift; sourceTree = "<group>"; };
/* End PBXFileReference section */

/* Begin PBXFrameworksBuildPhase section */
		86A70C69261EE9A300666FCA /* Frameworks */ = {
			isa = PBXFrameworksBuildPhase;
			buildActionMask = 2147483647;
			files = (
			);
			runOnlyForDeploymentPostprocessing = 0;
		};
		86A70C7F261EE9A700666FCA /* Frameworks */ = {
			isa = PBXFrameworksBuildPhase;
			buildActionMask = 2147483647;
			files = (
			);
			runOnlyForDeploymentPostprocessing = 0;
		};
		86A70C8A261EE9A700666FCA /* Frameworks */ = {
			isa = PBXFrameworksBuildPhase;
			buildActionMask = 2147483647;
			files = (
			);
			runOnlyForDeploymentPostprocessing = 0;
		};
/* End PBXFrameworksBuildPhase section */

/* Begin PBXGroup section */
		86A70C63261EE9A300666FCA = {
			isa = PBXGroup;
			children = (
				86A70C6E261EE9A300666FCA /* FlickrImageSearch */,
				86A70C85261EE9A700666FCA /* FlickrImageSearchTests */,
				86A70C90261EE9A700666FCA /* FlickrImageSearchUITests */,
				86A70C6D261EE9A300666FCA /* Products */,
			);
			sourceTree = "<group>";
		};
		86A70C6D261EE9A300666FCA /* Products */ = {
			isa = PBXGroup;
			children = (
				86A70C6C261EE9A300666FCA /* FlickrImageSearch.app */,
				86A70C82261EE9A700666FCA /* FlickrImageSearchTests.xctest */,
				86A70C8D261EE9A700666FCA /* FlickrImageSearchUITests.xctest */,
			);
			name = Products;
			sourceTree = "<group>";
		};
		86A70C6E261EE9A300666FCA /* FlickrImageSearch */ = {
			isa = PBXGroup;
			children = (
				86A70CA3261EEF9400666FCA /* Model */,
				86A70CA9261EF27600666FCA /* Services */,
				86A70CC0261F0ED300666FCA /* ViewModel */,
				86A70CCE261F362500666FCA /* View */,
				86A70C6F261EE9A400666FCA /* AppDelegate.swift */,
				86A70C71261EE9A400666FCA /* SceneDelegate.swift */,
				86A70C78261EE9A600666FCA /* Assets.xcassets */,
				86A70C7A261EE9A600666FCA /* LaunchScreen.storyboard */,
				86A70C7D261EE9A600666FCA /* Info.plist */,
			);
			path = FlickrImageSearch;
			sourceTree = "<group>";
		};
		86A70C85261EE9A700666FCA /* FlickrImageSearchTests */ = {
			isa = PBXGroup;
			children = (
				8692110A262314E200B0DBE5 /* FlickrNetworkOpsTests.swift */,
				8692111A262322CE00B0DBE5 /* FlickerAPITests.swift */,
				86A70C88261EE9A700666FCA /* Info.plist */,
			);
			path = FlickrImageSearchTests;
			sourceTree = "<group>";
		};
		86A70C90261EE9A700666FCA /* FlickrImageSearchUITests */ = {
			isa = PBXGroup;
			children = (
				86A70C91261EE9A700666FCA /* FlickrImageSearchUITests.swift */,
				86A70C93261EE9A700666FCA /* Info.plist */,
			);
			path = FlickrImageSearchUITests;
			sourceTree = "<group>";
		};
		86A70CA3261EEF9400666FCA /* Model */ = {
			isa = PBXGroup;
			children = (
				86A70CA4261EF00000666FCA /* FlickrPhotosListModel.swift */,
				868A80C926209A6E005F4CA8 /* SearchHistoryModel.swift */,
			);
			path = Model;
			sourceTree = "<group>";
		};
		86A70CA9261EF27600666FCA /* Services */ = {
			isa = PBXGroup;
			children = (
				86A70CAA261EF28A00666FCA /* FlickrNetworkOps.swift */,
				86A70CC9261F299800666FCA /* FlickrAPI.swift */,
			);
			path = Services;
			sourceTree = "<group>";
		};
		86A70CC0261F0ED300666FCA /* ViewModel */ = {
			isa = PBXGroup;
			children = (
				86A70CC1261F0F4D00666FCA /* FlickrImageSearchViewModel.swift */,
				868A80CE26209D93005F4CA8 /* SearchHistoryViewModel.swift */,
			);
			path = ViewModel;
			sourceTree = "<group>";
		};
		86A70CCE261F362500666FCA /* View */ = {
			isa = PBXGroup;
			children = (
				86A70C73261EE9A400666FCA /* FlickrImageSearchViewController.swift */,
				86A70C75261EE9A400666FCA /* Main.storyboard */,
				861807CC261F416B0091F0CC /* FlickrImageCell.swift */,
			);
			path = View;
			sourceTree = "<group>";
		};
/* End PBXGroup section */

/* Begin PBXNativeTarget section */
		86A70C6B261EE9A300666FCA /* FlickrImageSearch */ = {
			isa = PBXNativeTarget;
			buildConfigurationList = 86A70C96261EE9A700666FCA /* Build configuration list for PBXNativeTarget "FlickrImageSearch" */;
			buildPhases = (
				86A70C68261EE9A300666FCA /* Sources */,
				86A70C69261EE9A300666FCA /* Frameworks */,
				86A70C6A261EE9A300666FCA /* Resources */,
			);
			buildRules = (
			);
			dependencies = (
			);
			name = FlickrImageSearch;
			productName = FlickrImageSearch;
			productReference = 86A70C6C261EE9A300666FCA /* FlickrImageSearch.app */;
			productType = "com.apple.product-type.application";
		};
		86A70C81261EE9A700666FCA /* FlickrImageSearchTests */ = {
			isa = PBXNativeTarget;
			buildConfigurationList = 86A70C99261EE9A700666FCA /* Build configuration list for PBXNativeTarget "FlickrImageSearchTests" */;
			buildPhases = (
				86A70C7E261EE9A700666FCA /* Sources */,
				86A70C7F261EE9A700666FCA /* Frameworks */,
				86A70C80261EE9A700666FCA /* Resources */,
			);
			buildRules = (
			);
			dependencies = (
				86A70C84261EE9A700666FCA /* PBXTargetDependency */,
			);
			name = FlickrImageSearchTests;
			productName = FlickrImageSearchTests;
			productReference = 86A70C82261EE9A700666FCA /* FlickrImageSearchTests.xctest */;
			productType = "com.apple.product-type.bundle.unit-test";
		};
		86A70C8C261EE9A700666FCA /* FlickrImageSearchUITests */ = {
			isa = PBXNativeTarget;
			buildConfigurationList = 86A70C9C261EE9A700666FCA /* Build configuration list for PBXNativeTarget "FlickrImageSearchUITests" */;
			buildPhases = (
				86A70C89261EE9A700666FCA /* Sources */,
				86A70C8A261EE9A700666FCA /* Frameworks */,
				86A70C8B261EE9A700666FCA /* Resources */,
			);
			buildRules = (
			);
			dependencies = (
				86A70C8F261EE9A700666FCA /* PBXTargetDependency */,
			);
			name = FlickrImageSearchUITests;
			productName = FlickrImageSearchUITests;
			productReference = 86A70C8D261EE9A700666FCA /* FlickrImageSearchUITests.xctest */;
			productType = "com.apple.product-type.bundle.ui-testing";
		};
/* End PBXNativeTarget section */

/* Begin PBXProject section */
		86A70C64261EE9A300666FCA /* Project object */ = {
			isa = PBXProject;
			attributes = {
				LastSwiftUpdateCheck = 1240;
				LastUpgradeCheck = 1240;
				TargetAttributes = {
					86A70C6B261EE9A300666FCA = {
						CreatedOnToolsVersion = 12.4;
					};
					86A70C81261EE9A700666FCA = {
						CreatedOnToolsVersion = 12.4;
						TestTargetID = 86A70C6B261EE9A300666FCA;
					};
					86A70C8C261EE9A700666FCA = {
						CreatedOnToolsVersion = 12.4;
						TestTargetID = 86A70C6B261EE9A300666FCA;
					};
				};
			};
			buildConfigurationList = 86A70C67261EE9A300666FCA /* Build configuration list for PBXProject "FlickrImageSearch" */;
			compatibilityVersion = "Xcode 9.3";
			developmentRegion = en;
			hasScannedForEncodings = 0;
			knownRegions = (
				en,
				Base,
			);
			mainGroup = 86A70C63261EE9A300666FCA;
			productRefGroup = 86A70C6D261EE9A300666FCA /* Products */;
			projectDirPath = "";
			projectRoot = "";
			targets = (
				86A70C6B261EE9A300666FCA /* FlickrImageSearch */,
				86A70C81261EE9A700666FCA /* FlickrImageSearchTests */,
				86A70C8C261EE9A700666FCA /* FlickrImageSearchUITests */,
			);
		};
/* End PBXProject section */

/* Begin PBXResourcesBuildPhase section */
		86A70C6A261EE9A300666FCA /* Resources */ = {
			isa = PBXResourcesBuildPhase;
			buildActionMask = 2147483647;
			files = (
				86A70C7C261EE9A600666FCA /* LaunchScreen.storyboard in Resources */,
				86A70C79261EE9A600666FCA /* Assets.xcassets in Resources */,
				86A70C77261EE9A400666FCA /* Main.storyboard in Resources */,
			);
			runOnlyForDeploymentPostprocessing = 0;
		};
		86A70C80261EE9A700666FCA /* Resources */ = {
			isa = PBXResourcesBuildPhase;
			buildActionMask = 2147483647;
			files = (
			);
			runOnlyForDeploymentPostprocessing = 0;
		};
		86A70C8B261EE9A700666FCA /* Resources */ = {
			isa = PBXResourcesBuildPhase;
			buildActionMask = 2147483647;
			files = (
			);
			runOnlyForDeploymentPostprocessing = 0;
		};
/* End PBXResourcesBuildPhase section */

/* Begin PBXSourcesBuildPhase section */
		86A70C68261EE9A300666FCA /* Sources */ = {
			isa = PBXSourcesBuildPhase;
			buildActionMask = 2147483647;
			files = (
				86A70C74261EE9A400666FCA /* FlickrImageSearchViewController.swift in Sources */,
				86A70CCA261F299800666FCA /* FlickrAPI.swift in Sources */,
				86A70C70261EE9A400666FCA /* AppDelegate.swift in Sources */,
				868A80CA26209A6E005F4CA8 /* SearchHistoryModel.swift in Sources */,
				86A70CA5261EF00000666FCA /* FlickrPhotosListModel.swift in Sources */,
				86A70C72261EE9A400666FCA /* SceneDelegate.swift in Sources */,
				86A70CC2261F0F4D00666FCA /* FlickrImageSearchViewModel.swift in Sources */,
				861807CD261F416B0091F0CC /* FlickrImageCell.swift in Sources */,
				86A70CAB261EF28A00666FCA /* FlickrNetworkOps.swift in Sources */,
				868A80CF26209D93005F4CA8 /* SearchHistoryViewModel.swift in Sources */,
			);
			runOnlyForDeploymentPostprocessing = 0;
		};
		86A70C7E261EE9A700666FCA /* Sources */ = {
			isa = PBXSourcesBuildPhase;
			buildActionMask = 2147483647;
			files = (
				8692111B262322CE00B0DBE5 /* FlickerAPITests.swift in Sources */,
				8692110B262314E200B0DBE5 /* FlickrNetworkOpsTests.swift in Sources */,
			);
			runOnlyForDeploymentPostprocessing = 0;
		};
		86A70C89261EE9A700666FCA /* Sources */ = {
			isa = PBXSourcesBuildPhase;
			buildActionMask = 2147483647;
			files = (
				86A70C92261EE9A700666FCA /* FlickrImageSearchUITests.swift in Sources */,
			);
			runOnlyForDeploymentPostprocessing = 0;
		};
/* End PBXSourcesBuildPhase section */

/* Begin PBXTargetDependency section */
		86A70C84261EE9A700666FCA /* PBXTargetDependency */ = {
			isa = PBXTargetDependency;
			target = 86A70C6B261EE9A300666FCA /* FlickrImageSearch */;
			targetProxy = 86A70C83261EE9A700666FCA /* PBXContainerItemProxy */;
		};
		86A70C8F261EE9A700666FCA /* PBXTargetDependency */ = {
			isa = PBXTargetDependency;
			target = 86A70C6B261EE9A300666FCA /* FlickrImageSearch */;
			targetProxy = 86A70C8E261EE9A700666FCA /* PBXContainerItemProxy */;
		};
/* End PBXTargetDependency section */

/* Begin PBXVariantGroup section */
		86A70C75261EE9A400666FCA /* Main.storyboard */ = {
			isa = PBXVariantGroup;
			children = (
				86A70C76261EE9A400666FCA /* Base */,
			);
			name = Main.storyboard;
			sourceTree = "<group>";
		};
		86A70C7A261EE9A600666FCA /* LaunchScreen.storyboard */ = {
			isa = PBXVariantGroup;
			children = (
				86A70C7B261EE9A600666FCA /* Base */,
			);
			name = LaunchScreen.storyboard;
			sourceTree = "<group>";
		};
/* End PBXVariantGroup section */

/* Begin XCBuildConfiguration section */
		86A70C94261EE9A700666FCA /* Debug */ = {
			isa = XCBuildConfiguration;
			buildSettings = {
				ALWAYS_SEARCH_USER_PATHS = NO;
				CLANG_ANALYZER_NONNULL = YES;
				CLANG_ANALYZER_NUMBER_OBJECT_CONVERSION = YES_AGGRESSIVE;
				CLANG_CXX_LANGUAGE_STANDARD = "gnu++14";
				CLANG_CXX_LIBRARY = "libc++";
				CLANG_ENABLE_MODULES = YES;
				CLANG_ENABLE_OBJC_ARC = YES;
				CLANG_ENABLE_OBJC_WEAK = YES;
				CLANG_WARN_BLOCK_CAPTURE_AUTORELEASING = YES;
				CLANG_WARN_BOOL_CONVERSION = YES;
				CLANG_WARN_COMMA = YES;
				CLANG_WARN_CONSTANT_CONVERSION = YES;
				CLANG_WARN_DEPRECATED_OBJC_IMPLEMENTATIONS = YES;
				CLANG_WARN_DIRECT_OBJC_ISA_USAGE = YES_ERROR;
				CLANG_WARN_DOCUMENTATION_COMMENTS = YES;
				CLANG_WARN_EMPTY_BODY = YES;
				CLANG_WARN_ENUM_CONVERSION = YES;
				CLANG_WARN_INFINITE_RECURSION = YES;
				CLANG_WARN_INT_CONVERSION = YES;
				CLANG_WARN_NON_LITERAL_NULL_CONVERSION = YES;
				CLANG_WARN_OBJC_IMPLICIT_RETAIN_SELF = YES;
				CLANG_WARN_OBJC_LITERAL_CONVERSION = YES;
				CLANG_WARN_OBJC_ROOT_CLASS = YES_ERROR;
				CLANG_WARN_QUOTED_INCLUDE_IN_FRAMEWORK_HEADER = YES;
				CLANG_WARN_RANGE_LOOP_ANALYSIS = YES;
				CLANG_WARN_STRICT_PROTOTYPES = YES;
				CLANG_WARN_SUSPICIOUS_MOVE = YES;
				CLANG_WARN_UNGUARDED_AVAILABILITY = YES_AGGRESSIVE;
				CLANG_WARN_UNREACHABLE_CODE = YES;
				CLANG_WARN__DUPLICATE_METHOD_MATCH = YES;
				COPY_PHASE_STRIP = NO;
				DEBUG_INFORMATION_FORMAT = dwarf;
				ENABLE_STRICT_OBJC_MSGSEND = YES;
				ENABLE_TESTABILITY = YES;
				GCC_C_LANGUAGE_STANDARD = gnu11;
				GCC_DYNAMIC_NO_PIC = NO;
				GCC_NO_COMMON_BLOCKS = YES;
				GCC_OPTIMIZATION_LEVEL = 0;
				GCC_PREPROCESSOR_DEFINITIONS = (
					"DEBUG=1",
					"$(inherited)",
				);
				GCC_WARN_64_TO_32_BIT_CONVERSION = YES;
				GCC_WARN_ABOUT_RETURN_TYPE = YES_ERROR;
				GCC_WARN_UNDECLARED_SELECTOR = YES;
				GCC_WARN_UNINITIALIZED_AUTOS = YES_AGGRESSIVE;
				GCC_WARN_UNUSED_FUNCTION = YES;
				GCC_WARN_UNUSED_VARIABLE = YES;
				IPHONEOS_DEPLOYMENT_TARGET = 13.0;
				MTL_ENABLE_DEBUG_INFO = INCLUDE_SOURCE;
				MTL_FAST_MATH = YES;
				ONLY_ACTIVE_ARCH = YES;
				SDKROOT = iphoneos;
				SWIFT_ACTIVE_COMPILATION_CONDITIONS = DEBUG;
				SWIFT_OPTIMIZATION_LEVEL = "-Onone";
			};
			name = Debug;
		};
		86A70C95261EE9A700666FCA /* Release */ = {
			isa = XCBuildConfiguration;
			buildSettings = {
				ALWAYS_SEARCH_USER_PATHS = NO;
				CLANG_ANALYZER_NONNULL = YES;
				CLANG_ANALYZER_NUMBER_OBJECT_CONVERSION = YES_AGGRESSIVE;
				CLANG_CXX_LANGUAGE_STANDARD = "gnu++14";
				CLANG_CXX_LIBRARY = "libc++";
				CLANG_ENABLE_MODULES = YES;
				CLANG_ENABLE_OBJC_ARC = YES;
				CLANG_ENABLE_OBJC_WEAK = YES;
				CLANG_WARN_BLOCK_CAPTURE_AUTORELEASING = YES;
				CLANG_WARN_BOOL_CONVERSION = YES;
				CLANG_WARN_COMMA = YES;
				CLANG_WARN_CONSTANT_CONVERSION = YES;
				CLANG_WARN_DEPRECATED_OBJC_IMPLEMENTATIONS = YES;
				CLANG_WARN_DIRECT_OBJC_ISA_USAGE = YES_ERROR;
				CLANG_WARN_DOCUMENTATION_COMMENTS = YES;
				CLANG_WARN_EMPTY_BODY = YES;
				CLANG_WARN_ENUM_CONVERSION = YES;
				CLANG_WARN_INFINITE_RECURSION = YES;
				CLANG_WARN_INT_CONVERSION = YES;
				CLANG_WARN_NON_LITERAL_NULL_CONVERSION = YES;
				CLANG_WARN_OBJC_IMPLICIT_RETAIN_SELF = YES;
				CLANG_WARN_OBJC_LITERAL_CONVERSION = YES;
				CLANG_WARN_OBJC_ROOT_CLASS = YES_ERROR;
				CLANG_WARN_QUOTED_INCLUDE_IN_FRAMEWORK_HEADER = YES;
				CLANG_WARN_RANGE_LOOP_ANALYSIS = YES;
				CLANG_WARN_STRICT_PROTOTYPES = YES;
				CLANG_WARN_SUSPICIOUS_MOVE = YES;
				CLANG_WARN_UNGUARDED_AVAILABILITY = YES_AGGRESSIVE;
				CLANG_WARN_UNREACHABLE_CODE = YES;
				CLANG_WARN__DUPLICATE_METHOD_MATCH = YES;
				COPY_PHASE_STRIP = NO;
				DEBUG_INFORMATION_FORMAT = "dwarf-with-dsym";
				ENABLE_NS_ASSERTIONS = NO;
				ENABLE_STRICT_OBJC_MSGSEND = YES;
				GCC_C_LANGUAGE_STANDARD = gnu11;
				GCC_NO_COMMON_BLOCKS = YES;
				GCC_WARN_64_TO_32_BIT_CONVERSION = YES;
				GCC_WARN_ABOUT_RETURN_TYPE = YES_ERROR;
				GCC_WARN_UNDECLARED_SELECTOR = YES;
				GCC_WARN_UNINITIALIZED_AUTOS = YES_AGGRESSIVE;
				GCC_WARN_UNUSED_FUNCTION = YES;
				GCC_WARN_UNUSED_VARIABLE = YES;
				IPHONEOS_DEPLOYMENT_TARGET = 13.0;
				MTL_ENABLE_DEBUG_INFO = NO;
				MTL_FAST_MATH = YES;
				SDKROOT = iphoneos;
				SWIFT_COMPILATION_MODE = wholemodule;
				SWIFT_OPTIMIZATION_LEVEL = "-O";
				VALIDATE_PRODUCT = YES;
			};
			name = Release;
		};
		86A70C97261EE9A700666FCA /* Debug */ = {
			isa = XCBuildConfiguration;
			buildSettings = {
				ASSETCATALOG_COMPILER_APPICON_NAME = AppIcon;
				ASSETCATALOG_COMPILER_GLOBAL_ACCENT_COLOR_NAME = AccentColor;
				CODE_SIGN_STYLE = Automatic;
				DEVELOPMENT_TEAM = ALAQ6ZKLRY;
				INFOPLIST_FILE = FlickrImageSearch/Info.plist;
				IPHONEOS_DEPLOYMENT_TARGET = 13.0;
				LD_RUNPATH_SEARCH_PATHS = (
					"$(inherited)",
					"@executable_path/Frameworks",
				);
				PRODUCT_BUNDLE_IDENTIFIER = com.smarttouchsystems.FlickrImageSearch;
				PRODUCT_NAME = "$(TARGET_NAME)";
				SWIFT_VERSION = 5.0;
				TARGETED_DEVICE_FAMILY = "1,2";
			};
			name = Debug;
		};
		86A70C98261EE9A700666FCA /* Release */ = {
			isa = XCBuildConfiguration;
			buildSettings = {
				ASSETCATALOG_COMPILER_APPICON_NAME = AppIcon;
				ASSETCATALOG_COMPILER_GLOBAL_ACCENT_COLOR_NAME = AccentColor;
				CODE_SIGN_STYLE = Automatic;
				DEVELOPMENT_TEAM = ALAQ6ZKLRY;
				INFOPLIST_FILE = FlickrImageSearch/Info.plist;
				IPHONEOS_DEPLOYMENT_TARGET = 13.0;
				LD_RUNPATH_SEARCH_PATHS = (
					"$(inherited)",
					"@executable_path/Frameworks",
				);
				PRODUCT_BUNDLE_IDENTIFIER = com.smarttouchsystems.FlickrImageSearch;
				PRODUCT_NAME = "$(TARGET_NAME)";
				SWIFT_VERSION = 5.0;
				TARGETED_DEVICE_FAMILY = "1,2";
			};
			name = Release;
		};
		86A70C9A261EE9A700666FCA /* Debug */ = {
			isa = XCBuildConfiguration;
			buildSettings = {
				ALWAYS_EMBED_SWIFT_STANDARD_LIBRARIES = YES;
				BUNDLE_LOADER = "$(TEST_HOST)";
				CODE_SIGN_STYLE = Automatic;
				DEVELOPMENT_TEAM = ALAQ6ZKLRY;
				INFOPLIST_FILE = FlickrImageSearchTests/Info.plist;
				IPHONEOS_DEPLOYMENT_TARGET = 13.0;
				LD_RUNPATH_SEARCH_PATHS = (
					"$(inherited)",
					"@executable_path/Frameworks",
					"@loader_path/Frameworks",
				);
				PRODUCT_BUNDLE_IDENTIFIER = com.smarttouchsystems.FlickrImageSearchTests;
				PRODUCT_NAME = "$(TARGET_NAME)";
				SWIFT_VERSION = 5.0;
				TARGETED_DEVICE_FAMILY = "1,2";
				TEST_HOST = "$(BUILT_PRODUCTS_DIR)/FlickrImageSearch.app/FlickrImageSearch";
			};
			name = Debug;
		};
		86A70C9B261EE9A700666FCA /* Release */ = {
			isa = XCBuildConfiguration;
			buildSettings = {
				ALWAYS_EMBED_SWIFT_STANDARD_LIBRARIES = YES;
				BUNDLE_LOADER = "$(TEST_HOST)";
				CODE_SIGN_STYLE = Automatic;
				DEVELOPMENT_TEAM = ALAQ6ZKLRY;
				INFOPLIST_FILE = FlickrImageSearchTests/Info.plist;
				IPHONEOS_DEPLOYMENT_TARGET = 13.0;
				LD_RUNPATH_SEARCH_PATHS = (
					"$(inherited)",
					"@executable_path/Frameworks",
					"@loader_path/Frameworks",
				);
				PRODUCT_BUNDLE_IDENTIFIER = com.smarttouchsystems.FlickrImageSearchTests;
				PRODUCT_NAME = "$(TARGET_NAME)";
				SWIFT_VERSION = 5.0;
				TARGETED_DEVICE_FAMILY = "1,2";
				TEST_HOST = "$(BUILT_PRODUCTS_DIR)/FlickrImageSearch.app/FlickrImageSearch";
			};
			name = Release;
		};
		86A70C9D261EE9A700666FCA /* Debug */ = {
			isa = XCBuildConfiguration;
			buildSettings = {
				ALWAYS_EMBED_SWIFT_STANDARD_LIBRARIES = YES;
				CODE_SIGN_STYLE = Automatic;
				DEVELOPMENT_TEAM = ALAQ6ZKLRY;
				INFOPLIST_FILE = FlickrImageSearchUITests/Info.plist;
				LD_RUNPATH_SEARCH_PATHS = (
					"$(inherited)",
					"@executable_path/Frameworks",
					"@loader_path/Frameworks",
				);
				PRODUCT_BUNDLE_IDENTIFIER = com.smarttouchsystems.FlickrImageSearchUITests;
				PRODUCT_NAME = "$(TARGET_NAME)";
				SWIFT_VERSION = 5.0;
				TARGETED_DEVICE_FAMILY = "1,2";
				TEST_TARGET_NAME = FlickrImageSearch;
			};
			name = Debug;
		};
		86A70C9E261EE9A700666FCA /* Release */ = {
			isa = XCBuildConfiguration;
			buildSettings = {
				ALWAYS_EMBED_SWIFT_STANDARD_LIBRARIES = YES;
				CODE_SIGN_STYLE = Automatic;
				DEVELOPMENT_TEAM = ALAQ6ZKLRY;
				INFOPLIST_FILE = FlickrImageSearchUITests/Info.plist;
				LD_RUNPATH_SEARCH_PATHS = (
					"$(inherited)",
					"@executable_path/Frameworks",
					"@loader_path/Frameworks",
				);
				PRODUCT_BUNDLE_IDENTIFIER = com.smarttouchsystems.FlickrImageSearchUITests;
				PRODUCT_NAME = "$(TARGET_NAME)";
				SWIFT_VERSION = 5.0;
				TARGETED_DEVICE_FAMILY = "1,2";
				TEST_TARGET_NAME = FlickrImageSearch;
			};
			name = Release;
		};
/* End XCBuildConfiguration section */

/* Begin XCConfigurationList section */
		86A70C67261EE9A300666FCA /* Build configuration list for PBXProject "FlickrImageSearch" */ = {
			isa = XCConfigurationList;
			buildConfigurations = (
				86A70C94261EE9A700666FCA /* Debug */,
				86A70C95261EE9A700666FCA /* Release */,
			);
			defaultConfigurationIsVisible = 0;
			defaultConfigurationName = Release;
		};
		86A70C96261EE9A700666FCA /* Build configuration list for PBXNativeTarget "FlickrImageSearch" */ = {
			isa = XCConfigurationList;
			buildConfigurations = (
				86A70C97261EE9A700666FCA /* Debug */,
				86A70C98261EE9A700666FCA /* Release */,
			);
			defaultConfigurationIsVisible = 0;
			defaultConfigurationName = Release;
		};
		86A70C99261EE9A700666FCA /* Build configuration list for PBXNativeTarget "FlickrImageSearchTests" */ = {
			isa = XCConfigurationList;
			buildConfigurations = (
				86A70C9A261EE9A700666FCA /* Debug */,
				86A70C9B261EE9A700666FCA /* Release */,
			);
			defaultConfigurationIsVisible = 0;
			defaultConfigurationName = Release;
		};
		86A70C9C261EE9A700666FCA /* Build configuration list for PBXNativeTarget "FlickrImageSearchUITests" */ = {
			isa = XCConfigurationList;
			buildConfigurations = (
				86A70C9D261EE9A700666FCA /* Debug */,
				86A70C9E261EE9A700666FCA /* Release */,
			);
			defaultConfigurationIsVisible = 0;
			defaultConfigurationName = Release;
		};
/* End XCConfigurationList section */
	};
	rootObject = 86A70C64261EE9A300666FCA /* Project object */;
}
